// !$*UTF8*$!
{
	archiveVersion = 1;
	classes = {
	};
	objectVersion = 46;
	objects = {

/* Begin PBXBuildFile section */
		79EE62521BBDDFAE0064EC28 /* main.cpp in Sources */ = {isa = PBXBuildFile; fileRef = 79EE62511BBDDFAE0064EC28 /* main.cpp */; };
/* End PBXBuildFile section */

/* Begin PBXCopyFilesBuildPhase section */
		79EE624C1BBDDFAE0064EC28 /* CopyFiles */ = {
			isa = PBXCopyFilesBuildPhase;
			buildActionMask = 2147483647;
			dstPath = /usr/share/man/man1/;
			dstSubfolderSpec = 0;
			files = (
			);
			runOnlyForDeploymentPostprocessing = 1;
		};
/* End PBXCopyFilesBuildPhase section */

/* Begin PBXFileReference section */
		79EE624E1BBDDFAE0064EC28 /* Assignment03 */ = {isa = PBXFileReference; explicitFileType = "compiled.mach-o.executable"; includeInIndex = 0; path = Assignment03; sourceTree = BUILT_PRODUCTS_DIR; };
		79EE62511BBDDFAE0064EC28 /* main.cpp */ = {isa = PBXFileReference; lastKnownFileType = sourcecode.cpp.cpp; path = main.cpp; sourceTree = "<group>"; };
/* End PBXFileReference section */

/* Begin PBXFrameworksBuildPhase section */
		79EE624B1BBDDFAE0064EC28 /* Frameworks */ = {
			isa = PBXFrameworksBuildPhase;
			buildActionMask = 2147483647;
			files = (
			);
			runOnlyForDeploymentPostprocessing = 0;
		};
/* End PBXFrameworksBuildPhase section */

/* Begin PBXGroup section */
		79EE62451BBDDFAE0064EC28 = {
			isa = PBXGroup;
			children = (
				79EE62501BBDDFAE0064EC28 /* Assignment03 */,
				79EE624F1BBDDFAE0064EC28 /* Products */,
			);
			sourceTree = "<group>";
		};
		79EE624F1BBDDFAE0064EC28 /* Products */ = {
			isa = PBXGroup;
			children = (
				79EE624E1BBDDFAE0064EC28 /* Assignment03 */,
			);
			name = Products;
			sourceTree = "<group>";
		};
		79EE62501BBDDFAE0064EC28 /* Assignment03 */ = {
			isa = PBXGroup;
			children = (
				79EE62511BBDDFAE0064EC28 /* main.cpp */,
			);
			path = Assignment03;
			sourceTree = "<group>";
		};
/* End PBXGroup section */

/* Begin PBXNativeTarget section */
		79EE624D1BBDDFAE0064EC28 /* Assignment03 */ = {
			isa = PBXNativeTarget;
			buildConfigurationList = 79EE62551BBDDFAE0064EC28 /* Build configuration list for PBXNativeTarget "Assignment03" */;
			buildPhases = (
				79EE624A1BBDDFAE0064EC28 /* Sources */,
				79EE624B1BBDDFAE0064EC28 /* Frameworks */,
				79EE624C1BBDDFAE0064EC28 /* CopyFiles */,
			);
			buildRules = (
			);
			dependencies = (
			);
			name = Assignment03;
			productName = Assignment03;
			productReference = 79EE624E1BBDDFAE0064EC28 /* Assignment03 */;
			productType = "com.apple.product-type.tool";
		};
/* End PBXNativeTarget section */

/* Begin PBXProject section */
		79EE62461BBDDFAE0064EC28 /* Project object */ = {
			isa = PBXProject;
			attributes = {
				LastUpgradeCheck = 0640;
				ORGANIZATIONNAME = "Benjamin Visness";
				TargetAttributes = {
					79EE624D1BBDDFAE0064EC28 = {
						CreatedOnToolsVersion = 6.4;
					};
				};
			};
			buildConfigurationList = 79EE62491BBDDFAE0064EC28 /* Build configuration list for PBXProject "Assignment03" */;
			compatibilityVersion = "Xcode 3.2";
			developmentRegion = English;
			hasScannedForEncodings = 0;
			knownRegions = (
				en,
			);
			mainGroup = 79EE62451BBDDFAE0064EC28;
			productRefGroup = 79EE624F1BBDDFAE0064EC28 /* Products */;
			projectDirPath = "";
			projectRoot = "";
			targets = (
				79EE624D1BBDDFAE0064EC28 /* Assignment03 */,
			);
		};
/* End PBXProject section */

/* Begin PBXSourcesBuildPhase section */
		79EE624A1BBDDFAE0064EC28 /* Sources */ = {
			isa = PBXSourcesBuildPhase;
			buildActionMask = 2147483647;
			files = (
				79EE62521BBDDFAE0064EC28 /* main.cpp in Sources */,
			);
			runOnlyForDeploymentPostprocessing = 0;
		};
/* End PBXSourcesBuildPhase section */

/* Begin XCBuildConfiguration section */
		79EE62531BBDDFAE0064EC28 /* Debug */ = {
			isa = XCBuildConfiguration;
			buildSettings = {
				ALWAYS_SEARCH_USER_PATHS = NO;
				CLANG_CXX_LANGUAGE_STANDARD = "gnu++0x";
				CLANG_CXX_LIBRARY = "libc++";
				CLANG_ENABLE_MODULES = YES;
				CLANG_ENABLE_OBJC_ARC = YES;
				CLANG_WARN_BOOL_CONVERSION = YES;
				CLANG_WARN_CONSTANT_CONVERSION = YES;
				CLANG_WARN_DIRECT_OBJC_ISA_USAGE = YES_ERROR;
				CLANG_WARN_EMPTY_BODY = YES;
				CLANG_WARN_ENUM_CONVERSION = YES;
				CLANG_WARN_INT_CONVERSION = YES;
				CLANG_WARN_OBJC_ROOT_CLASS = YES_ERROR;
				CLANG_WARN_UNREACHABLE_CODE = YES;
				CLANG_WARN__DUPLICATE_METHOD_MATCH = YES;
				COPY_PHASE_STRIP = NO;
				DEBUG_INFORMATION_FORMAT = dwarf;
				ENABLE_STRICT_OBJC_MSGSEND = YES;
				GCC_C_LANGUAGE_STANDARD = gnu99;
				GCC_DYNAMIC_NO_PIC = NO;
				GCC_NO_COMMON_BLOCKS = YES;
				GCC_OPTIMIZATION_LEVEL = 0;
				GCC_PREPROCESSOR_DEFINITIONS = (
					"DEBUG=1",
					"$(inherited)",
				);
				GCC_SYMBOLS_PRIVATE_EXTERN = NO;
				GCC_WARN_64_TO_32_BIT_CONVERSION = YES;
				GCC_WARN_ABOUT_RETURN_TYPE = YES_ERROR;
				GCC_WARN_UNDECLARED_SELECTOR = YES;
				GCC_WARN_UNINITIALIZED_AUTOS = YES_AGGRESSIVE;
				GCC_WARN_UNUSED_FUNCTION = YES;
				GCC_WARN_UNUSED_VARIABLE = YES;
				MACOSX_DEPLOYMENT_TARGET = 10.10;
				MTL_ENABLE_DEBUG_INFO = YES;
				ONLY_ACTIVE_ARCH = YES;
				SDKROOT = macosx;
			};
			name = Debug;
		};
		79EE62541BBDDFAE0064EC28 /* Release */ = {
			isa = XCBuildConfiguration;
			buildSettings = {
				ALWAYS_SEARCH_USER_PATHS = NO;
				CLANG_CXX_LANGUAGE_STANDARD = "gnu++0x";
				CLANG_CXX_LIBRARY = "libc++";
				CLANG_ENABLE_MODULES = YES;
				CLANG_ENABLE_OBJC_ARC = YES;
				CLANG_WARN_BOOL_CONVERSION = YES;
				CLANG_WARN_CONSTANT_CONVERSION = YES;
				CLANG_WARN_DIRECT_OBJC_ISA_USAGE = YES_ERROR;
				CLANG_WARN_EMPTY_BODY = YES;
				CLANG_WARN_ENUM_CONVERSION = YES;
				CLANG_WARN_INT_CONVERSION = YES;
				CLANG_WARN_OBJC_ROOT_CLASS = YES_ERROR;
				CLANG_WARN_UNREACHABLE_CODE = YES;
				CLANG_WARN__DUPLICATE_METHOD_MATCH = YES;
				COPY_PHASE_STRIP = NO;
				DEBUG_INFORMATION_FORMAT = "dwarf-with-dsym";
				ENABLE_NS_ASSERTIONS = NO;
				ENABLE_STRICT_OBJC_MSGSEND = YES;
				GCC_C_LANGUAGE_STANDARD = gnu99;
				GCC_NO_COMMON_BLOCKS = YES;
				GCC_WARN_64_TO_32_BIT_CONVERSION = YES;
				GCC_WARN_ABOUT_RETURN_TYPE = YES_ERROR;
				GCC_WARN_UNDECLARED_SELECTOR = YES;
				GCC_WARN_UNINITIALIZED_AUTOS = YES_AGGRESSIVE;
				GCC_WARN_UNUSED_FUNCTION = YES;
				GCC_WARN_UNUSED_VARIABLE = YES;
				MACOSX_DEPLOYMENT_TARGET = 10.10;
				MTL_ENABLE_DEBUG_INFO = NO;
				SDKROOT = macosx;
			};
			name = Release;
		};
		79EE62561BBDDFAE0064EC28 /* Debug */ = {
			isa = XCBuildConfiguration;
			buildSettings = {
				PRODUCT_NAME = "$(TARGET_NAME)";
			};
			name = Debug;
		};
		79EE62571BBDDFAE0064EC28 /* Release */ = {
			isa = XCBuildConfiguration;
			buildSettings = {
				PRODUCT_NAME = "$(TARGET_NAME)";
			};
			name = Release;
		};
/* End XCBuildConfiguration section */

/* Begin XCConfigurationList section */
		79EE62491BBDDFAE0064EC28 /* Build configuration list for PBXProject "Assignment03" */ = {
			isa = XCConfigurationList;
			buildConfigurations = (
				79EE62531BBDDFAE0064EC28 /* Debug */,
				79EE62541BBDDFAE0064EC28 /* Release */,
			);
			defaultConfigurationIsVisible = 0;
			defaultConfigurationName = Release;
		};
		79EE62551BBDDFAE0064EC28 /* Build configuration list for PBXNativeTarget "Assignment03" */ = {
			isa = XCConfigurationList;
			buildConfigurations = (
				79EE62561BBDDFAE0064EC28 /* Debug */,
				79EE62571BBDDFAE0064EC28 /* Release */,
			);
			defaultConfigurationIsVisible = 0;
		};
/* End XCConfigurationList section */
	};
	rootObject = 79EE62461BBDDFAE0064EC28 /* Project object */;
}
